{
  "nodes": {
    "cache-domains": {
      "flake": false,
      "locked": {
        "lastModified": 1729844030,
        "narHash": "sha256-MRyIz1l23B/ibVc1sPi6BwtB0imi47z1gqQxm5PM60Q=",
        "owner": "uklans",
        "repo": "cache-domains",
        "rev": "67594ce10c85250bf5e3cc3c6f4a0abb90abd25c",
        "type": "github"
      },
      "original": {
        "owner": "uklans",
        "repo": "cache-domains",
        "type": "github"
      }
    },
    "monolithic": {
      "flake": false,
      "locked": {
        "lastModified": 1733016816,
        "narHash": "sha256-KYy0s5pDTeYTjmwOKvnZlwTkTF/djBhUFsa4j7eZwEE=",
        "owner": "lancachenet",
        "repo": "monolithic",
        "rev": "d72fa02f7883201e8307f6bcc4221f7748dede04",
        "type": "github"
      },
      "original": {
        "owner": "lancachenet",
        "repo": "monolithic",
        "type": "github"
      }
    },
    "root": {
      "inputs": {
        "cache-domains": "cache-domains",
        "monolithic": "monolithic"
      }
    }
  },
  "root": "root",
  "version": 7
}
